// !$*UTF8*$!
{
	archiveVersion = 1;
	classes = {
	};
	objectVersion = 55;
	objects = {

/* Begin PBXBuildFile section */
		158A652C2871BA19000F889B /* MemojiSwiftUIApp.swift in Sources */ = {isa = PBXBuildFile; fileRef = 158A652B2871BA19000F889B /* MemojiSwiftUIApp.swift */; };
		158A652E2871BA19000F889B /* HomeView.swift in Sources */ = {isa = PBXBuildFile; fileRef = 158A652D2871BA19000F889B /* HomeView.swift */; };
		158A65302871BA1A000F889B /* Assets.xcassets in Resources */ = {isa = PBXBuildFile; fileRef = 158A652F2871BA1A000F889B /* Assets.xcassets */; };
		158A65332871BA1A000F889B /* Preview Assets.xcassets in Resources */ = {isa = PBXBuildFile; fileRef = 158A65322871BA1A000F889B /* Preview Assets.xcassets */; };
		158A653A2871BA55000F889B /* SwiftUIMemojiText.swift in Sources */ = {isa = PBXBuildFile; fileRef = 158A65392871BA55000F889B /* SwiftUIMemojiText.swift */; };
		158A65552871C1D1000F889B /* CardView.swift in Sources */ = {isa = PBXBuildFile; fileRef = 158A65542871C1D1000F889B /* CardView.swift */; };
		158A65572871C1DE000F889B /* EditCardView.swift in Sources */ = {isa = PBXBuildFile; fileRef = 158A65562871C1DE000F889B /* EditCardView.swift */; };
		158A65592871D05E000F889B /* CardInfo.swift in Sources */ = {isa = PBXBuildFile; fileRef = 158A65582871D05E000F889B /* CardInfo.swift */; };
		158A655C2871DCBF000F889B /* iPhoneNumberField in Frameworks */ = {isa = PBXBuildFile; productRef = 158A655B2871DCBF000F889B /* iPhoneNumberField */; };
		158A655F28735025000F889B /* Extentions.swift in Sources */ = {isa = PBXBuildFile; fileRef = 158A655E28735025000F889B /* Extentions.swift */; };
/* End PBXBuildFile section */

/* Begin PBXCopyFilesBuildPhase section */
		158A65522871BC9E000F889B /* Embed App Extensions */ = {
			isa = PBXCopyFilesBuildPhase;
			buildActionMask = 2147483647;
			dstPath = "";
			dstSubfolderSpec = 13;
			files = (
			);
			name = "Embed App Extensions";
			runOnlyForDeploymentPostprocessing = 0;
		};
/* End PBXCopyFilesBuildPhase section */

/* Begin PBXFileReference section */
		158A65282871BA19000F889B /* MemojiSwiftUI.app */ = {isa = PBXFileReference; explicitFileType = wrapper.application; includeInIndex = 0; path = MemojiSwiftUI.app; sourceTree = BUILT_PRODUCTS_DIR; };
		158A652B2871BA19000F889B /* MemojiSwiftUIApp.swift */ = {isa = PBXFileReference; lastKnownFileType = sourcecode.swift; path = MemojiSwiftUIApp.swift; sourceTree = "<group>"; };
		158A652D2871BA19000F889B /* HomeView.swift */ = {isa = PBXFileReference; lastKnownFileType = sourcecode.swift; path = HomeView.swift; sourceTree = "<group>"; };
		158A652F2871BA1A000F889B /* Assets.xcassets */ = {isa = PBXFileReference; lastKnownFileType = folder.assetcatalog; path = Assets.xcassets; sourceTree = "<group>"; };
		158A65322871BA1A000F889B /* Preview Assets.xcassets */ = {isa = PBXFileReference; lastKnownFileType = folder.assetcatalog; path = "Preview Assets.xcassets"; sourceTree = "<group>"; };
		158A65392871BA55000F889B /* SwiftUIMemojiText.swift */ = {isa = PBXFileReference; lastKnownFileType = sourcecode.swift; path = SwiftUIMemojiText.swift; sourceTree = "<group>"; };
		158A65412871BC9D000F889B /* Messages.framework */ = {isa = PBXFileReference; lastKnownFileType = wrapper.framework; name = Messages.framework; path = System/Library/Frameworks/Messages.framework; sourceTree = SDKROOT; };
		158A65532871BE90000F889B /* Info.plist */ = {isa = PBXFileReference; lastKnownFileType = text.plist; path = Info.plist; sourceTree = "<group>"; };
		158A65542871C1D1000F889B /* CardView.swift */ = {isa = PBXFileReference; lastKnownFileType = sourcecode.swift; path = CardView.swift; sourceTree = "<group>"; };
		158A65562871C1DE000F889B /* EditCardView.swift */ = {isa = PBXFileReference; lastKnownFileType = sourcecode.swift; path = EditCardView.swift; sourceTree = "<group>"; };
		158A65582871D05E000F889B /* CardInfo.swift */ = {isa = PBXFileReference; lastKnownFileType = sourcecode.swift; path = CardInfo.swift; sourceTree = "<group>"; };
		158A655D2872E3CA000F889B /* MemojiSwiftUI.entitlements */ = {isa = PBXFileReference; lastKnownFileType = text.plist.entitlements; path = MemojiSwiftUI.entitlements; sourceTree = "<group>"; };
		158A655E28735025000F889B /* Extentions.swift */ = {isa = PBXFileReference; lastKnownFileType = sourcecode.swift; path = Extentions.swift; sourceTree = "<group>"; };
/* End PBXFileReference section */

/* Begin PBXFrameworksBuildPhase section */
		158A65252871BA19000F889B /* Frameworks */ = {
			isa = PBXFrameworksBuildPhase;
			buildActionMask = 2147483647;
			files = (
				158A655C2871DCBF000F889B /* iPhoneNumberField in Frameworks */,
			);
			runOnlyForDeploymentPostprocessing = 0;
		};
/* End PBXFrameworksBuildPhase section */

/* Begin PBXGroup section */
		158A651F2871BA19000F889B = {
			isa = PBXGroup;
			children = (
				158A652A2871BA19000F889B /* MemojiSwiftUI */,
				158A65402871BC9D000F889B /* Frameworks */,
				158A65292871BA19000F889B /* Products */,
			);
			sourceTree = "<group>";
		};
		158A65292871BA19000F889B /* Products */ = {
			isa = PBXGroup;
			children = (
				158A65282871BA19000F889B /* MemojiSwiftUI.app */,
			);
			name = Products;
			sourceTree = "<group>";
		};
		158A652A2871BA19000F889B /* MemojiSwiftUI */ = {
			isa = PBXGroup;
			children = (
				158A655D2872E3CA000F889B /* MemojiSwiftUI.entitlements */,
				158A65532871BE90000F889B /* Info.plist */,
				158A652B2871BA19000F889B /* MemojiSwiftUIApp.swift */,
				158A652D2871BA19000F889B /* HomeView.swift */,
				158A65542871C1D1000F889B /* CardView.swift */,
				158A655E28735025000F889B /* Extentions.swift */,
				158A65562871C1DE000F889B /* EditCardView.swift */,
				158A65392871BA55000F889B /* SwiftUIMemojiText.swift */,
				158A652F2871BA1A000F889B /* Assets.xcassets */,
				158A65312871BA1A000F889B /* Preview Content */,
				158A65582871D05E000F889B /* CardInfo.swift */,
			);
			path = MemojiSwiftUI;
			sourceTree = "<group>";
		};
		158A65312871BA1A000F889B /* Preview Content */ = {
			isa = PBXGroup;
			children = (
				158A65322871BA1A000F889B /* Preview Assets.xcassets */,
			);
			path = "Preview Content";
			sourceTree = "<group>";
		};
		158A65402871BC9D000F889B /* Frameworks */ = {
			isa = PBXGroup;
			children = (
				158A65412871BC9D000F889B /* Messages.framework */,
			);
			name = Frameworks;
			sourceTree = "<group>";
		};
/* End PBXGroup section */

/* Begin PBXNativeTarget section */
		158A65272871BA19000F889B /* MemojiSwiftUI */ = {
			isa = PBXNativeTarget;
			buildConfigurationList = 158A65362871BA1A000F889B /* Build configuration list for PBXNativeTarget "MemojiSwiftUI" */;
			buildPhases = (
				158A65242871BA19000F889B /* Sources */,
				158A65252871BA19000F889B /* Frameworks */,
				158A65262871BA19000F889B /* Resources */,
				158A65522871BC9E000F889B /* Embed App Extensions */,
			);
			buildRules = (
			);
			dependencies = (
			);
			name = MemojiSwiftUI;
			packageProductDependencies = (
				158A655B2871DCBF000F889B /* iPhoneNumberField */,
			);
			productName = MemojiSwiftUI;
			productReference = 158A65282871BA19000F889B /* MemojiSwiftUI.app */;
			productType = "com.apple.product-type.application";
		};
/* End PBXNativeTarget section */

/* Begin PBXProject section */
		158A65202871BA19000F889B /* Project object */ = {
			isa = PBXProject;
			attributes = {
				BuildIndependentTargetsInParallel = 1;
				LastSwiftUpdateCheck = 1340;
				LastUpgradeCheck = 1340;
				TargetAttributes = {
					158A65272871BA19000F889B = {
						CreatedOnToolsVersion = 13.4.1;
					};
				};
			};
			buildConfigurationList = 158A65232871BA19000F889B /* Build configuration list for PBXProject "MemojiSwiftUI" */;
			compatibilityVersion = "Xcode 13.0";
			developmentRegion = en;
			hasScannedForEncodings = 0;
			knownRegions = (
				en,
				Base,
			);
			mainGroup = 158A651F2871BA19000F889B;
			packageReferences = (
				158A655A2871DCBF000F889B /* XCRemoteSwiftPackageReference "iPhoneNumberField" */,
			);
			productRefGroup = 158A65292871BA19000F889B /* Products */;
			projectDirPath = "";
			projectRoot = "";
			targets = (
				158A65272871BA19000F889B /* MemojiSwiftUI */,
			);
		};
/* End PBXProject section */

/* Begin PBXResourcesBuildPhase section */
		158A65262871BA19000F889B /* Resources */ = {
			isa = PBXResourcesBuildPhase;
			buildActionMask = 2147483647;
			files = (
				158A65332871BA1A000F889B /* Preview Assets.xcassets in Resources */,
				158A65302871BA1A000F889B /* Assets.xcassets in Resources */,
			);
			runOnlyForDeploymentPostprocessing = 0;
		};
/* End PBXResourcesBuildPhase section */

/* Begin PBXSourcesBuildPhase section */
		158A65242871BA19000F889B /* Sources */ = {
			isa = PBXSourcesBuildPhase;
			buildActionMask = 2147483647;
			files = (
				158A652E2871BA19000F889B /* HomeView.swift in Sources */,
				158A653A2871BA55000F889B /* SwiftUIMemojiText.swift in Sources */,
				158A65592871D05E000F889B /* CardInfo.swift in Sources */,
				158A65572871C1DE000F889B /* EditCardView.swift in Sources */,
				158A65552871C1D1000F889B /* CardView.swift in Sources */,
				158A652C2871BA19000F889B /* MemojiSwiftUIApp.swift in Sources */,
				158A655F28735025000F889B /* Extentions.swift in Sources */,
			);
			runOnlyForDeploymentPostprocessing = 0;
		};
/* End PBXSourcesBuildPhase section */

/* Begin XCBuildConfiguration section */
		158A65342871BA1A000F889B /* Debug */ = {
			isa = XCBuildConfiguration;
			buildSettings = {
				ALWAYS_SEARCH_USER_PATHS = NO;
				CLANG_ANALYZER_NONNULL = YES;
				CLANG_ANALYZER_NUMBER_OBJECT_CONVERSION = YES_AGGRESSIVE;
				CLANG_CXX_LANGUAGE_STANDARD = "gnu++17";
				CLANG_ENABLE_MODULES = YES;
				CLANG_ENABLE_OBJC_ARC = YES;
				CLANG_ENABLE_OBJC_WEAK = YES;
				CLANG_WARN_BLOCK_CAPTURE_AUTORELEASING = YES;
				CLANG_WARN_BOOL_CONVERSION = YES;
				CLANG_WARN_COMMA = YES;
				CLANG_WARN_CONSTANT_CONVERSION = YES;
				CLANG_WARN_DEPRECATED_OBJC_IMPLEMENTATIONS = YES;
				CLANG_WARN_DIRECT_OBJC_ISA_USAGE = YES_ERROR;
				CLANG_WARN_DOCUMENTATION_COMMENTS = YES;
				CLANG_WARN_EMPTY_BODY = YES;
				CLANG_WARN_ENUM_CONVERSION = YES;
				CLANG_WARN_INFINITE_RECURSION = YES;
				CLANG_WARN_INT_CONVERSION = YES;
				CLANG_WARN_NON_LITERAL_NULL_CONVERSION = YES;
				CLANG_WARN_OBJC_IMPLICIT_RETAIN_SELF = YES;
				CLANG_WARN_OBJC_LITERAL_CONVERSION = YES;
				CLANG_WARN_OBJC_ROOT_CLASS = YES_ERROR;
				CLANG_WARN_QUOTED_INCLUDE_IN_FRAMEWORK_HEADER = YES;
				CLANG_WARN_RANGE_LOOP_ANALYSIS = YES;
				CLANG_WARN_STRICT_PROTOTYPES = YES;
				CLANG_WARN_SUSPICIOUS_MOVE = YES;
				CLANG_WARN_UNGUARDED_AVAILABILITY = YES_AGGRESSIVE;
				CLANG_WARN_UNREACHABLE_CODE = YES;
				CLANG_WARN__DUPLICATE_METHOD_MATCH = YES;
				COPY_PHASE_STRIP = NO;
				DEBUG_INFORMATION_FORMAT = dwarf;
				ENABLE_STRICT_OBJC_MSGSEND = YES;
				ENABLE_TESTABILITY = YES;
				GCC_C_LANGUAGE_STANDARD = gnu11;
				GCC_DYNAMIC_NO_PIC = NO;
				GCC_NO_COMMON_BLOCKS = YES;
				GCC_OPTIMIZATION_LEVEL = 0;
				GCC_PREPROCESSOR_DEFINITIONS = (
					"DEBUG=1",
					"$(inherited)",
				);
				GCC_WARN_64_TO_32_BIT_CONVERSION = YES;
				GCC_WARN_ABOUT_RETURN_TYPE = YES_ERROR;
				GCC_WARN_UNDECLARED_SELECTOR = YES;
				GCC_WARN_UNINITIALIZED_AUTOS = YES_AGGRESSIVE;
				GCC_WARN_UNUSED_FUNCTION = YES;
				GCC_WARN_UNUSED_VARIABLE = YES;
				IPHONEOS_DEPLOYMENT_TARGET = 15.5;
				MTL_ENABLE_DEBUG_INFO = INCLUDE_SOURCE;
				MTL_FAST_MATH = YES;
				ONLY_ACTIVE_ARCH = YES;
				SDKROOT = iphoneos;
				SWIFT_ACTIVE_COMPILATION_CONDITIONS = DEBUG;
				SWIFT_OPTIMIZATION_LEVEL = "-Onone";
			};
			name = Debug;
		};
		158A65352871BA1A000F889B /* Release */ = {
			isa = XCBuildConfiguration;
			buildSettings = {
				ALWAYS_SEARCH_USER_PATHS = NO;
				CLANG_ANALYZER_NONNULL = YES;
				CLANG_ANALYZER_NUMBER_OBJECT_CONVERSION = YES_AGGRESSIVE;
				CLANG_CXX_LANGUAGE_STANDARD = "gnu++17";
				CLANG_ENABLE_MODULES = YES;
				CLANG_ENABLE_OBJC_ARC = YES;
				CLANG_ENABLE_OBJC_WEAK = YES;
				CLANG_WARN_BLOCK_CAPTURE_AUTORELEASING = YES;
				CLANG_WARN_BOOL_CONVERSION = YES;
				CLANG_WARN_COMMA = YES;
				CLANG_WARN_CONSTANT_CONVERSION = YES;
				CLANG_WARN_DEPRECATED_OBJC_IMPLEMENTATIONS = YES;
				CLANG_WARN_DIRECT_OBJC_ISA_USAGE = YES_ERROR;
				CLANG_WARN_DOCUMENTATION_COMMENTS = YES;
				CLANG_WARN_EMPTY_BODY = YES;
				CLANG_WARN_ENUM_CONVERSION = YES;
				CLANG_WARN_INFINITE_RECURSION = YES;
				CLANG_WARN_INT_CONVERSION = YES;
				CLANG_WARN_NON_LITERAL_NULL_CONVERSION = YES;
				CLANG_WARN_OBJC_IMPLICIT_RETAIN_SELF = YES;
				CLANG_WARN_OBJC_LITERAL_CONVERSION = YES;
				CLANG_WARN_OBJC_ROOT_CLASS = YES_ERROR;
				CLANG_WARN_QUOTED_INCLUDE_IN_FRAMEWORK_HEADER = YES;
				CLANG_WARN_RANGE_LOOP_ANALYSIS = YES;
				CLANG_WARN_STRICT_PROTOTYPES = YES;
				CLANG_WARN_SUSPICIOUS_MOVE = YES;
				CLANG_WARN_UNGUARDED_AVAILABILITY = YES_AGGRESSIVE;
				CLANG_WARN_UNREACHABLE_CODE = YES;
				CLANG_WARN__DUPLICATE_METHOD_MATCH = YES;
				COPY_PHASE_STRIP = NO;
				DEBUG_INFORMATION_FORMAT = "dwarf-with-dsym";
				ENABLE_NS_ASSERTIONS = NO;
				ENABLE_STRICT_OBJC_MSGSEND = YES;
				GCC_C_LANGUAGE_STANDARD = gnu11;
				GCC_NO_COMMON_BLOCKS = YES;
				GCC_WARN_64_TO_32_BIT_CONVERSION = YES;
				GCC_WARN_ABOUT_RETURN_TYPE = YES_ERROR;
				GCC_WARN_UNDECLARED_SELECTOR = YES;
				GCC_WARN_UNINITIALIZED_AUTOS = YES_AGGRESSIVE;
				GCC_WARN_UNUSED_FUNCTION = YES;
				GCC_WARN_UNUSED_VARIABLE = YES;
				IPHONEOS_DEPLOYMENT_TARGET = 15.5;
				MTL_ENABLE_DEBUG_INFO = NO;
				MTL_FAST_MATH = YES;
				SDKROOT = iphoneos;
				SWIFT_COMPILATION_MODE = wholemodule;
				SWIFT_OPTIMIZATION_LEVEL = "-O";
				VALIDATE_PRODUCT = YES;
			};
			name = Release;
		};
		158A65372871BA1A000F889B /* Debug */ = {
			isa = XCBuildConfiguration;
			buildSettings = {
				ALWAYS_EMBED_SWIFT_STANDARD_LIBRARIES = YES;
				ASSETCATALOG_COMPILER_APPICON_NAME = AppIcon;
				ASSETCATALOG_COMPILER_GLOBAL_ACCENT_COLOR_NAME = AccentColor;
				CODE_SIGN_ENTITLEMENTS = MemojiSwiftUI/MemojiSwiftUI.entitlements;
				CODE_SIGN_STYLE = Automatic;
				CURRENT_PROJECT_VERSION = 1;
				DEVELOPMENT_ASSET_PATHS = "\"MemojiSwiftUI/Preview Content\"";
				DEVELOPMENT_TEAM = 222F7H3BRN;
				ENABLE_PREVIEWS = YES;
				GENERATE_INFOPLIST_FILE = YES;
				INFOPLIST_FILE = MemojiSwiftUI/Info.plist;
				INFOPLIST_KEY_CFBundleDisplayName = "Memoji Card";
				INFOPLIST_KEY_LSApplicationCategoryType = "";
				INFOPLIST_KEY_NSPhotoLibraryAddUsageDescription = "Save the created image to the camera roll";
				INFOPLIST_KEY_UIApplicationSceneManifest_Generation = YES;
				INFOPLIST_KEY_UIApplicationSupportsIndirectInputEvents = YES;
				INFOPLIST_KEY_UILaunchScreen_Generation = YES;
				INFOPLIST_KEY_UISupportedInterfaceOrientations = UIInterfaceOrientationPortrait;
				INFOPLIST_KEY_UISupportedInterfaceOrientations_iPad = "UIInterfaceOrientationPortrait UIInterfaceOrientationPortraitUpsideDown";
				INFOPLIST_KEY_UISupportedInterfaceOrientations_iPhone = UIInterfaceOrientationPortrait;
				LD_RUNPATH_SEARCH_PATHS = (
					"$(inherited)",
					"@executable_path/Frameworks",
				);
				MARKETING_VERSION = 1.0;
				PRODUCT_BUNDLE_IDENTIFIER = w.MemojiSwiftUI;
				PRODUCT_NAME = "$(TARGET_NAME)";
				SUPPORTS_MACCATALYST = YES;
				SWIFT_EMIT_LOC_STRINGS = YES;
				SWIFT_VERSION = 5.0;
				TARGETED_DEVICE_FAMILY = "1,2";
			};
			name = Debug;
		};
		158A65382871BA1A000F889B /* Release */ = {
			isa = XCBuildConfiguration;
			buildSettings = {
				ALWAYS_EMBED_SWIFT_STANDARD_LIBRARIES = YES;
				ASSETCATALOG_COMPILER_APPICON_NAME = AppIcon;
				ASSETCATALOG_COMPILER_GLOBAL_ACCENT_COLOR_NAME = AccentColor;
				CODE_SIGN_ENTITLEMENTS = MemojiSwiftUI/MemojiSwiftUI.entitlements;
				CODE_SIGN_STYLE = Automatic;
				CURRENT_PROJECT_VERSION = 1;
				DEVELOPMENT_ASSET_PATHS = "\"MemojiSwiftUI/Preview Content\"";
				DEVELOPMENT_TEAM = 222F7H3BRN;
				ENABLE_PREVIEWS = YES;
				GENERATE_INFOPLIST_FILE = YES;
				INFOPLIST_FILE = MemojiSwiftUI/Info.plist;
				INFOPLIST_KEY_CFBundleDisplayName = "Memoji Card";
				INFOPLIST_KEY_LSApplicationCategoryType = "";
				INFOPLIST_KEY_NSPhotoLibraryAddUsageDescription = "Save the created image to the camera roll";
				INFOPLIST_KEY_UIApplicationSceneManifest_Generation = YES;
				INFOPLIST_KEY_UIApplicationSupportsIndirectInputEvents = YES;
				INFOPLIST_KEY_UILaunchScreen_Generation = YES;
				INFOPLIST_KEY_UISupportedInterfaceOrientations = UIInterfaceOrientationPortrait;
				INFOPLIST_KEY_UISupportedInterfaceOrientations_iPad = "UIInterfaceOrientationPortrait UIInterfaceOrientationPortraitUpsideDown";
				INFOPLIST_KEY_UISupportedInterfaceOrientations_iPhone = UIInterfaceOrientationPortrait;
				LD_RUNPATH_SEARCH_PATHS = (
					"$(inherited)",
					"@executable_path/Frameworks",
				);
				MARKETING_VERSION = 1.0;
				PRODUCT_BUNDLE_IDENTIFIER = w.MemojiSwiftUI;
				PRODUCT_NAME = "$(TARGET_NAME)";
				SUPPORTS_MACCATALYST = YES;
				SWIFT_EMIT_LOC_STRINGS = YES;
				SWIFT_VERSION = 5.0;
				TARGETED_DEVICE_FAMILY = "1,2";
			};
			name = Release;
		};
/* End XCBuildConfiguration section */

/* Begin XCConfigurationList section */
		158A65232871BA19000F889B /* Build configuration list for PBXProject "MemojiSwiftUI" */ = {
			isa = XCConfigurationList;
			buildConfigurations = (
				158A65342871BA1A000F889B /* Debug */,
				158A65352871BA1A000F889B /* Release */,
			);
			defaultConfigurationIsVisible = 0;
			defaultConfigurationName = Release;
		};
		158A65362871BA1A000F889B /* Build configuration list for PBXNativeTarget "MemojiSwiftUI" */ = {
			isa = XCConfigurationList;
			buildConfigurations = (
				158A65372871BA1A000F889B /* Debug */,
				158A65382871BA1A000F889B /* Release */,
			);
			defaultConfigurationIsVisible = 0;
			defaultConfigurationName = Release;
		};
/* End XCConfigurationList section */

/* Begin XCRemoteSwiftPackageReference section */
		158A655A2871DCBF000F889B /* XCRemoteSwiftPackageReference "iPhoneNumberField" */ = {
			isa = XCRemoteSwiftPackageReference;
			repositoryURL = "https://github.com/MojtabaHs/iPhoneNumberField";
			requirement = {
				kind = upToNextMajorVersion;
				minimumVersion = 0.6.1;
			};
		};
/* End XCRemoteSwiftPackageReference section */

/* Begin XCSwiftPackageProductDependency section */
		158A655B2871DCBF000F889B /* iPhoneNumberField */ = {
			isa = XCSwiftPackageProductDependency;
			package = 158A655A2871DCBF000F889B /* XCRemoteSwiftPackageReference "iPhoneNumberField" */;
			productName = iPhoneNumberField;
		};
/* End XCSwiftPackageProductDependency section */
	};
	rootObject = 158A65202871BA19000F889B /* Project object */;
}
